
Microsoft Visual Studio Solution File, Format Version 12.00
# Visual Studio Version 18
VisualStudioVersion = 18.0.11217.181
MinimumVisualStudioVersion = 10.0.40219.1
Project("{FAE04EC0-301F-11D3-BF4B-00C04F79EFBC}") = "Lesson_3_History", "Lesson_3_History\Lesson_3_History.csproj", "{690198B6-33DE-4A40-B5CA-360EABD5E5B1}"
EndProject
Project("{FAE04EC0-301F-11D3-BF4B-00C04F79EFBC}") = "Lesson_4_Prompts", "Lesson_4_Prompts\Lesson_4_Prompts.csproj", "{2E146212-B458-4F0B-8615-BDF1B0F34EC2}"
EndProject
Project("{FAE04EC0-301F-11D3-BF4B-00C04F79EFBC}") = "Lesson_5_settings", "Lesson_5_settings\Lesson_5_settings.csproj", "{D6D06B4A-3719-4160-A9DD-FCB89E4EA16C}"
EndProject
Project("{FAE04EC0-301F-11D3-BF4B-00C04F79EFBC}") = "Lesson_6_streaming", "Lesson_6_streaming\Lesson_6_streaming.csproj", "{F1D44ED8-2B5A-4957-B2B0-1095F35EF4ED}"
EndProject
Project("{FAE04EC0-301F-11D3-BF4B-00C04F79EFBC}") = "Lesson_7_plugin", "Lesson_7_plugin\Lesson_7_plugin.csproj", "{6B72ED9E-CF89-4A15-B524-51272C9166B2}"
EndProject
Project("{FAE04EC0-301F-11D3-BF4B-00C04F79EFBC}") = "Lesson_8_webPlugin", "Lesson_8_webPlugin\Lesson_8_webPlugin.csproj", "{4FBF1EDE-79A0-4CA3-BF7C-74362A7D27F8}"
EndProject
Project("{2150E333-8FDC-42A3-9474-1A3956D46DE8}") = "Solution Items", "Solution Items", "{8EC462FD-D22E-90A8-E5CE-7E832BA40C5D}"
	ProjectSection(SolutionItems) = preProject
		.env = .env
		.env_example = .env_example
		.gitignore = .gitignore
		README.md = README.md
	EndProjectSection
EndProject
Project("{FAE04EC0-301F-11D3-BF4B-00C04F79EFBC}") = "Lesson_9_images_Voice", "Lesson_9_images\Lesson_9_images_Voice.csproj", "{DC788D21-DA28-4A74-BA19-D8A437D54CAA}"
EndProject
Project("{FAE04EC0-301F-11D3-BF4B-00C04F79EFBC}") = "Lesson_10_Summarize", "Lesson_10_Summarize\Lesson_10_Summarize.csproj", "{EED732C7-2F22-482D-8CB7-5AA8A85EFACC}"
EndProject
Project("{FAE04EC0-301F-11D3-BF4B-00C04F79EFBC}") = "Lesson_11_Razor_Pages", "Lesson_11_Razor_Pages\Lesson_11_Razor_Pages.csproj", "{D049300D-2CAE-41C5-B024-B7E1E1CBE3FA}"
EndProject
Project("{FAE04EC0-301F-11D3-BF4B-00C04F79EFBC}") = "Lesson_1_intro", "Lesson_1_intro\Lesson_1_intro.csproj", "{B5302B07-C228-050F-CE77-94176206B541}"
EndProject
Project("{FAE04EC0-301F-11D3-BF4B-00C04F79EFBC}") = "Lesson_2_StateLess", "Lesson_2_StateLess\Lesson_2_StateLess.csproj", "{195BBC75-9014-D3EA-C230-5252A52A9D99}"
EndProject
Project("{FAE04EC0-301F-11D3-BF4B-00C04F79EFBC}") = "Lesson_12_RAG", "Lesson_12_RAG\Lesson_12_RAG.csproj", "{9F4C802F-F926-1289-78FB-365DD105506E}"
EndProject
Project("{FAE04EC0-301F-11D3-BF4B-00C04F79EFBC}") = "Lesson_11.5_Embedding", "Lesson_11.5_Embeddings\Lesson_11.5_Embedding.csproj", "{16D9B90A-4C04-4C87-9E64-DB6374695CF6}"
EndProject
Project("{FAE04EC0-301F-11D3-BF4B-00C04F79EFBC}") = "Lesson_1_2_http", "Lesson_1_2_http\Lesson_1_2_http.csproj", "{8195490E-F0BD-4452-8DA1-A8BB49975CA9}"
EndProject
Project("{FAE04EC0-301F-11D3-BF4B-00C04F79EFBC}") = "Lesson_13_WinForms", "Lesson_13_WinForms\Lesson_13_WinForms.csproj", "{944F768D-5272-4230-99B5-C57BE1A69DE9}"
EndProject
Project("{FAE04EC0-301F-11D3-BF4B-00C04F79EFBC}") = "Lesson_1_3_intro_Gemini", "Lesson_1_3_intro_Gemini\Lesson_1_3_intro_Gemini.csproj", "{D5273B1F-D01B-4FD5-B68E-72F1B5CFF3C4}"
EndProject
Global
	GlobalSection(SolutionConfigurationPlatforms) = preSolution
		Debug|Any CPU = Debug|Any CPU
		Release|Any CPU = Release|Any CPU
	EndGlobalSection
	GlobalSection(ProjectConfigurationPlatforms) = postSolution
		{690198B6-33DE-4A40-B5CA-360EABD5E5B1}.Debug|Any CPU.ActiveCfg = Debug|Any CPU
		{690198B6-33DE-4A40-B5CA-360EABD5E5B1}.Debug|Any CPU.Build.0 = Debug|Any CPU
		{690198B6-33DE-4A40-B5CA-360EABD5E5B1}.Release|Any CPU.ActiveCfg = Release|Any CPU
		{690198B6-33DE-4A40-B5CA-360EABD5E5B1}.Release|Any CPU.Build.0 = Release|Any CPU
		{2E146212-B458-4F0B-8615-BDF1B0F34EC2}.Debug|Any CPU.ActiveCfg = Debug|Any CPU
		{2E146212-B458-4F0B-8615-BDF1B0F34EC2}.Debug|Any CPU.Build.0 = Debug|Any CPU
		{2E146212-B458-4F0B-8615-BDF1B0F34EC2}.Release|Any CPU.ActiveCfg = Release|Any CPU
		{2E146212-B458-4F0B-8615-BDF1B0F34EC2}.Release|Any CPU.Build.0 = Release|Any CPU
		{D6D06B4A-3719-4160-A9DD-FCB89E4EA16C}.Debug|Any CPU.ActiveCfg = Debug|Any CPU
		{D6D06B4A-3719-4160-A9DD-FCB89E4EA16C}.Debug|Any CPU.Build.0 = Debug|Any CPU
		{D6D06B4A-3719-4160-A9DD-FCB89E4EA16C}.Release|Any CPU.ActiveCfg = Release|Any CPU
		{D6D06B4A-3719-4160-A9DD-FCB89E4EA16C}.Release|Any CPU.Build.0 = Release|Any CPU
		{F1D44ED8-2B5A-4957-B2B0-1095F35EF4ED}.Debug|Any CPU.ActiveCfg = Debug|Any CPU
		{F1D44ED8-2B5A-4957-B2B0-1095F35EF4ED}.Debug|Any CPU.Build.0 = Debug|Any CPU
		{F1D44ED8-2B5A-4957-B2B0-1095F35EF4ED}.Release|Any CPU.ActiveCfg = Release|Any CPU
		{F1D44ED8-2B5A-4957-B2B0-1095F35EF4ED}.Release|Any CPU.Build.0 = Release|Any CPU
		{6B72ED9E-CF89-4A15-B524-51272C9166B2}.Debug|Any CPU.ActiveCfg = Debug|Any CPU
		{6B72ED9E-CF89-4A15-B524-51272C9166B2}.Debug|Any CPU.Build.0 = Debug|Any CPU
		{6B72ED9E-CF89-4A15-B524-51272C9166B2}.Release|Any CPU.ActiveCfg = Release|Any CPU
		{6B72ED9E-CF89-4A15-B524-51272C9166B2}.Release|Any CPU.Build.0 = Release|Any CPU
		{4FBF1EDE-79A0-4CA3-BF7C-74362A7D27F8}.Debug|Any CPU.ActiveCfg = Debug|Any CPU
		{4FBF1EDE-79A0-4CA3-BF7C-74362A7D27F8}.Debug|Any CPU.Build.0 = Debug|Any CPU
		{4FBF1EDE-79A0-4CA3-BF7C-74362A7D27F8}.Release|Any CPU.ActiveCfg = Release|Any CPU
		{4FBF1EDE-79A0-4CA3-BF7C-74362A7D27F8}.Release|Any CPU.Build.0 = Release|Any CPU
		{DC788D21-DA28-4A74-BA19-D8A437D54CAA}.Debug|Any CPU.ActiveCfg = Debug|Any CPU
		{DC788D21-DA28-4A74-BA19-D8A437D54CAA}.Debug|Any CPU.Build.0 = Debug|Any CPU
		{DC788D21-DA28-4A74-BA19-D8A437D54CAA}.Release|Any CPU.ActiveCfg = Release|Any CPU
		{DC788D21-DA28-4A74-BA19-D8A437D54CAA}.Release|Any CPU.Build.0 = Release|Any CPU
		{EED732C7-2F22-482D-8CB7-5AA8A85EFACC}.Debug|Any CPU.ActiveCfg = Debug|Any CPU
		{EED732C7-2F22-482D-8CB7-5AA8A85EFACC}.Debug|Any CPU.Build.0 = Debug|Any CPU
		{EED732C7-2F22-482D-8CB7-5AA8A85EFACC}.Release|Any CPU.ActiveCfg = Release|Any CPU
		{EED732C7-2F22-482D-8CB7-5AA8A85EFACC}.Release|Any CPU.Build.0 = Release|Any CPU
		{D049300D-2CAE-41C5-B024-B7E1E1CBE3FA}.Debug|Any CPU.ActiveCfg = Debug|Any CPU
		{D049300D-2CAE-41C5-B024-B7E1E1CBE3FA}.Debug|Any CPU.Build.0 = Debug|Any CPU
		{D049300D-2CAE-41C5-B024-B7E1E1CBE3FA}.Release|Any CPU.ActiveCfg = Release|Any CPU
		{D049300D-2CAE-41C5-B024-B7E1E1CBE3FA}.Release|Any CPU.Build.0 = Release|Any CPU
		{B5302B07-C228-050F-CE77-94176206B541}.Debug|Any CPU.ActiveCfg = Debug|Any CPU
		{B5302B07-C228-050F-CE77-94176206B541}.Debug|Any CPU.Build.0 = Debug|Any CPU
		{B5302B07-C228-050F-CE77-94176206B541}.Release|Any CPU.ActiveCfg = Release|Any CPU
		{B5302B07-C228-050F-CE77-94176206B541}.Release|Any CPU.Build.0 = Release|Any CPU
		{195BBC75-9014-D3EA-C230-5252A52A9D99}.Debug|Any CPU.ActiveCfg = Debug|Any CPU
		{195BBC75-9014-D3EA-C230-5252A52A9D99}.Debug|Any CPU.Build.0 = Debug|Any CPU
		{195BBC75-9014-D3EA-C230-5252A52A9D99}.Release|Any CPU.ActiveCfg = Release|Any CPU
		{195BBC75-9014-D3EA-C230-5252A52A9D99}.Release|Any CPU.Build.0 = Release|Any CPU
		{9F4C802F-F926-1289-78FB-365DD105506E}.Debug|Any CPU.ActiveCfg = Debug|Any CPU
		{9F4C802F-F926-1289-78FB-365DD105506E}.Debug|Any CPU.Build.0 = Debug|Any CPU
		{9F4C802F-F926-1289-78FB-365DD105506E}.Release|Any CPU.ActiveCfg = Release|Any CPU
		{9F4C802F-F926-1289-78FB-365DD105506E}.Release|Any CPU.Build.0 = Release|Any CPU
		{16D9B90A-4C04-4C87-9E64-DB6374695CF6}.Debug|Any CPU.ActiveCfg = Debug|Any CPU
		{16D9B90A-4C04-4C87-9E64-DB6374695CF6}.Debug|Any CPU.Build.0 = Debug|Any CPU
		{16D9B90A-4C04-4C87-9E64-DB6374695CF6}.Release|Any CPU.ActiveCfg = Release|Any CPU
		{16D9B90A-4C04-4C87-9E64-DB6374695CF6}.Release|Any CPU.Build.0 = Release|Any CPU
		{8195490E-F0BD-4452-8DA1-A8BB49975CA9}.Debug|Any CPU.ActiveCfg = Debug|Any CPU
		{8195490E-F0BD-4452-8DA1-A8BB49975CA9}.Debug|Any CPU.Build.0 = Debug|Any CPU
		{8195490E-F0BD-4452-8DA1-A8BB49975CA9}.Release|Any CPU.ActiveCfg = Release|Any CPU
		{8195490E-F0BD-4452-8DA1-A8BB49975CA9}.Release|Any CPU.Build.0 = Release|Any CPU
		{944F768D-5272-4230-99B5-C57BE1A69DE9}.Debug|Any CPU.ActiveCfg = Debug|Any CPU
		{944F768D-5272-4230-99B5-C57BE1A69DE9}.Debug|Any CPU.Build.0 = Debug|Any CPU
		{944F768D-5272-4230-99B5-C57BE1A69DE9}.Release|Any CPU.ActiveCfg = Release|Any CPU
		{944F768D-5272-4230-99B5-C57BE1A69DE9}.Release|Any CPU.Build.0 = Release|Any CPU
		{D5273B1F-D01B-4FD5-B68E-72F1B5CFF3C4}.Debug|Any CPU.ActiveCfg = Debug|Any CPU
		{D5273B1F-D01B-4FD5-B68E-72F1B5CFF3C4}.Debug|Any CPU.Build.0 = Debug|Any CPU
		{D5273B1F-D01B-4FD5-B68E-72F1B5CFF3C4}.Release|Any CPU.ActiveCfg = Release|Any CPU
		{D5273B1F-D01B-4FD5-B68E-72F1B5CFF3C4}.Release|Any CPU.Build.0 = Release|Any CPU
	EndGlobalSection
	GlobalSection(SolutionProperties) = preSolution
		HideSolutionNode = FALSE
	EndGlobalSection
	GlobalSection(ExtensibilityGlobals) = postSolution
		SolutionGuid = {19CB319E-D618-40B5-91C0-2A261DF450E5}
	EndGlobalSection
EndGlobal
